
Microsoft Visual Studio Solution File, Format Version 12.00
# Visual Studio Version 17
VisualStudioVersion = 17.4.33213.308
MinimumVisualStudioVersion = 10.0.40219.1
Project("{FAE04EC0-301F-11D3-BF4B-00C04F79EFBC}") = "20230203_과제", "20230203_과제\20230203_과제.csproj", "{17EB4024-0177-464D-9CC3-FBD0CF026252}"
EndProject
Global
	GlobalSection(SolutionConfigurationPlatforms) = preSolution
		Debug|Any CPU = Debug|Any CPU
		Release|Any CPU = Release|Any CPU
	EndGlobalSection
	GlobalSection(ProjectConfigurationPlatforms) = postSolution
		{17EB4024-0177-464D-9CC3-FBD0CF026252}.Debug|Any CPU.ActiveCfg = Debug|Any CPU
		{17EB4024-0177-464D-9CC3-FBD0CF026252}.Debug|Any CPU.Build.0 = Debug|Any CPU
		{17EB4024-0177-464D-9CC3-FBD0CF026252}.Release|Any CPU.ActiveCfg = Release|Any CPU
		{17EB4024-0177-464D-9CC3-FBD0CF026252}.Release|Any CPU.Build.0 = Release|Any CPU
	EndGlobalSection
	GlobalSection(SolutionProperties) = preSolution
		HideSolutionNode = FALSE
	EndGlobalSection
	GlobalSection(ExtensibilityGlobals) = postSolution
		SolutionGuid = {E746D8DF-0E47-4C53-B678-6650FBCF287D}
	EndGlobalSection
EndGlobal
