
Microsoft Visual Studio Solution File, Format Version 12.00
# Visual Studio Version 17
VisualStudioVersion = 17.4.33213.308
MinimumVisualStudioVersion = 10.0.40219.1
Project("{FAE04EC0-301F-11D3-BF4B-00C04F79EFBC}") = "20230213_과제", "20230213_과제\20230213_과제.csproj", "{21CDC2DC-B3AA-49AB-AB7D-F1EA9176ABFB}"
EndProject
Project("{FAE04EC0-301F-11D3-BF4B-00C04F79EFBC}") = "2번째", "2번째\2번째.csproj", "{A86D34ED-4DC0-42BF-834A-83C1CE7D2BE8}"
EndProject
Project("{FAE04EC0-301F-11D3-BF4B-00C04F79EFBC}") = "ConsoleApp1", "ConsoleApp1\ConsoleApp1.csproj", "{90860121-0D0A-4818-A433-4A1DC3020090}"
EndProject
Global
	GlobalSection(SolutionConfigurationPlatforms) = preSolution
		Debug|Any CPU = Debug|Any CPU
		Release|Any CPU = Release|Any CPU
	EndGlobalSection
	GlobalSection(ProjectConfigurationPlatforms) = postSolution
		{21CDC2DC-B3AA-49AB-AB7D-F1EA9176ABFB}.Debug|Any CPU.ActiveCfg = Debug|Any CPU
		{21CDC2DC-B3AA-49AB-AB7D-F1EA9176ABFB}.Debug|Any CPU.Build.0 = Debug|Any CPU
		{21CDC2DC-B3AA-49AB-AB7D-F1EA9176ABFB}.Release|Any CPU.ActiveCfg = Release|Any CPU
		{21CDC2DC-B3AA-49AB-AB7D-F1EA9176ABFB}.Release|Any CPU.Build.0 = Release|Any CPU
		{A86D34ED-4DC0-42BF-834A-83C1CE7D2BE8}.Debug|Any CPU.ActiveCfg = Debug|Any CPU
		{A86D34ED-4DC0-42BF-834A-83C1CE7D2BE8}.Debug|Any CPU.Build.0 = Debug|Any CPU
		{A86D34ED-4DC0-42BF-834A-83C1CE7D2BE8}.Release|Any CPU.ActiveCfg = Release|Any CPU
		{A86D34ED-4DC0-42BF-834A-83C1CE7D2BE8}.Release|Any CPU.Build.0 = Release|Any CPU
		{90860121-0D0A-4818-A433-4A1DC3020090}.Debug|Any CPU.ActiveCfg = Debug|Any CPU
		{90860121-0D0A-4818-A433-4A1DC3020090}.Debug|Any CPU.Build.0 = Debug|Any CPU
		{90860121-0D0A-4818-A433-4A1DC3020090}.Release|Any CPU.ActiveCfg = Release|Any CPU
		{90860121-0D0A-4818-A433-4A1DC3020090}.Release|Any CPU.Build.0 = Release|Any CPU
	EndGlobalSection
	GlobalSection(SolutionProperties) = preSolution
		HideSolutionNode = FALSE
	EndGlobalSection
	GlobalSection(ExtensibilityGlobals) = postSolution
		SolutionGuid = {4260BA96-CDF5-41B8-8662-87EFF190D975}
	EndGlobalSection
EndGlobal
