
Microsoft Visual Studio Solution File, Format Version 12.00
# Visual Studio Version 17
VisualStudioVersion = 17.4.33213.308
MinimumVisualStudioVersion = 10.0.40219.1
Project("{FAE04EC0-301F-11D3-BF4B-00C04F79EFBC}") = "20230201_과제", "20230201_과제\20230201_과제.csproj", "{C24774D5-E3A0-4506-879F-93122615940F}"
EndProject
Global
	GlobalSection(SolutionConfigurationPlatforms) = preSolution
		Debug|Any CPU = Debug|Any CPU
		Release|Any CPU = Release|Any CPU
	EndGlobalSection
	GlobalSection(ProjectConfigurationPlatforms) = postSolution
		{C24774D5-E3A0-4506-879F-93122615940F}.Debug|Any CPU.ActiveCfg = Debug|Any CPU
		{C24774D5-E3A0-4506-879F-93122615940F}.Debug|Any CPU.Build.0 = Debug|Any CPU
		{C24774D5-E3A0-4506-879F-93122615940F}.Release|Any CPU.ActiveCfg = Release|Any CPU
		{C24774D5-E3A0-4506-879F-93122615940F}.Release|Any CPU.Build.0 = Release|Any CPU
	EndGlobalSection
	GlobalSection(SolutionProperties) = preSolution
		HideSolutionNode = FALSE
	EndGlobalSection
	GlobalSection(ExtensibilityGlobals) = postSolution
		SolutionGuid = {F0F5B6BE-E291-4A62-961C-1A0562E26855}
	EndGlobalSection
EndGlobal
