
Microsoft Visual Studio Solution File, Format Version 12.00
# Visual Studio Version 17
VisualStudioVersion = 17.4.33213.308
MinimumVisualStudioVersion = 10.0.40219.1
Project("{FAE04EC0-301F-11D3-BF4B-00C04F79EFBC}") = "20230201_과제", "20230201_과제\20230201_과제.csproj", "{65586040-40C8-45F2-88B1-668111E611F1}"
EndProject
Global
	GlobalSection(SolutionConfigurationPlatforms) = preSolution
		Debug|Any CPU = Debug|Any CPU
		Release|Any CPU = Release|Any CPU
	EndGlobalSection
	GlobalSection(ProjectConfigurationPlatforms) = postSolution
		{65586040-40C8-45F2-88B1-668111E611F1}.Debug|Any CPU.ActiveCfg = Debug|Any CPU
		{65586040-40C8-45F2-88B1-668111E611F1}.Debug|Any CPU.Build.0 = Debug|Any CPU
		{65586040-40C8-45F2-88B1-668111E611F1}.Release|Any CPU.ActiveCfg = Release|Any CPU
		{65586040-40C8-45F2-88B1-668111E611F1}.Release|Any CPU.Build.0 = Release|Any CPU
	EndGlobalSection
	GlobalSection(SolutionProperties) = preSolution
		HideSolutionNode = FALSE
	EndGlobalSection
	GlobalSection(ExtensibilityGlobals) = postSolution
		SolutionGuid = {46A11F08-0266-42F8-A77C-A1AB00D53447}
	EndGlobalSection
EndGlobal
