
Microsoft Visual Studio Solution File, Format Version 12.00
# Visual Studio Version 16
VisualStudioVersion = 16.0.31729.503
MinimumVisualStudioVersion = 10.0.40219.1
Project("{FAE04EC0-301F-11D3-BF4B-00C04F79EFBC}") = "ConsoleApp1", "ConsoleApp1\ConsoleApp1.csproj", "{E5F23B1D-5B8F-4101-BC58-D0DE9E8B43AD}"
EndProject
Global
	GlobalSection(SolutionConfigurationPlatforms) = preSolution
		Debug|Any CPU = Debug|Any CPU
		Release|Any CPU = Release|Any CPU
	EndGlobalSection
	GlobalSection(ProjectConfigurationPlatforms) = postSolution
		{E5F23B1D-5B8F-4101-BC58-D0DE9E8B43AD}.Debug|Any CPU.ActiveCfg = Debug|Any CPU
		{E5F23B1D-5B8F-4101-BC58-D0DE9E8B43AD}.Debug|Any CPU.Build.0 = Debug|Any CPU
		{E5F23B1D-5B8F-4101-BC58-D0DE9E8B43AD}.Release|Any CPU.ActiveCfg = Release|Any CPU
		{E5F23B1D-5B8F-4101-BC58-D0DE9E8B43AD}.Release|Any CPU.Build.0 = Release|Any CPU
	EndGlobalSection
	GlobalSection(SolutionProperties) = preSolution
		HideSolutionNode = FALSE
	EndGlobalSection
	GlobalSection(ExtensibilityGlobals) = postSolution
		SolutionGuid = {D1390F87-5C3C-4C01-8A52-D6CC217EFE19}
	EndGlobalSection
EndGlobal
