
Microsoft Visual Studio Solution File, Format Version 12.00
# Visual Studio Version 17
VisualStudioVersion = 17.4.33213.308
MinimumVisualStudioVersion = 10.0.40219.1
Project("{FAE04EC0-301F-11D3-BF4B-00C04F79EFBC}") = "20230210_과제", "20230210_과제\20230210_과제.csproj", "{1AD5FD0A-8492-4736-BCEF-C7492B4C00A2}"
EndProject
Global
	GlobalSection(SolutionConfigurationPlatforms) = preSolution
		Debug|Any CPU = Debug|Any CPU
		Release|Any CPU = Release|Any CPU
	EndGlobalSection
	GlobalSection(ProjectConfigurationPlatforms) = postSolution
		{1AD5FD0A-8492-4736-BCEF-C7492B4C00A2}.Debug|Any CPU.ActiveCfg = Debug|Any CPU
		{1AD5FD0A-8492-4736-BCEF-C7492B4C00A2}.Debug|Any CPU.Build.0 = Debug|Any CPU
		{1AD5FD0A-8492-4736-BCEF-C7492B4C00A2}.Release|Any CPU.ActiveCfg = Release|Any CPU
		{1AD5FD0A-8492-4736-BCEF-C7492B4C00A2}.Release|Any CPU.Build.0 = Release|Any CPU
	EndGlobalSection
	GlobalSection(SolutionProperties) = preSolution
		HideSolutionNode = FALSE
	EndGlobalSection
	GlobalSection(ExtensibilityGlobals) = postSolution
		SolutionGuid = {6155B924-A95F-4BE2-8528-22D98E020CA7}
	EndGlobalSection
EndGlobal
